
Microsoft Visual Studio Solution File, Format Version 12.00
# Visual Studio Version 16
VisualStudioVersion = 16.0.29609.76
MinimumVisualStudioVersion = 10.0.40219.1
Project("{9A19103F-16F7-4668-BE54-9A1E7A4F7556}") = "Meta.Desafio.WebApi", "Meta.Desafio.WebApi\Meta.Desafio.WebApi.csproj", "{64B7F035-6A59-424C-A0E1-3F9C4C1DADC3}"
EndProject
Project("{9A19103F-16F7-4668-BE54-9A1E7A4F7556}") = "Meta.Desafio.Logica", "Meta.Desafio.Logica\Meta.Desafio.Logica.csproj", "{E37739B3-99FB-4987-A6EC-9975A73DBA6D}"
EndProject
Project("{9A19103F-16F7-4668-BE54-9A1E7A4F7556}") = "Meta.Desafio.CRUD", "Meta.Desafio.CRUD\Meta.Desafio.CRUD.csproj", "{8D50A9E6-25E8-459F-9C65-6D91E3A41905}"
EndProject
Project("{2150E333-8FDC-42A3-9474-1A3956D46DE8}") = "Projects", "Projects", "{FD59D416-505B-4FFC-B73D-96360D011692}"
EndProject
Project("{2150E333-8FDC-42A3-9474-1A3956D46DE8}") = "Solution Files", "Solution Files", "{E56C9285-E142-4DA3-898D-0DF39E8AAEC9}"
	ProjectSection(SolutionItems) = preProject
		..\LICENSE = ..\LICENSE
		..\README.md = ..\README.md
	EndProjectSection
EndProject
Project("{2150E333-8FDC-42A3-9474-1A3956D46DE8}") = "WebApi", "WebApi", "{140065A1-344D-420E-9539-67056FD0CA2D}"
EndProject
Project("{FAE04EC0-301F-11D3-BF4B-00C04F79EFBC}") = "Meta.Desafio.Application", "Meta.Desafio.Application\Meta.Desafio.Application.csproj", "{E1F087D6-1874-4824-A9B5-2109D0FFE8FD}"
EndProject
Project("{FAE04EC0-301F-11D3-BF4B-00C04F79EFBC}") = "Meta.Desafio.Domain", "Meta.Desafio.Domain\Meta.Desafio.Domain.csproj", "{D200FDC6-00E2-4B7A-9B0D-F91DC334D604}"
EndProject
Project("{FAE04EC0-301F-11D3-BF4B-00C04F79EFBC}") = "Meta.Desafio.Infraestructure", "Meta.Desafio.Infraestructure\Meta.Desafio.Infraestructure.csproj", "{F8C2DD68-6101-453A-9C96-B638A4DBF1C1}"
EndProject
Global
	GlobalSection(SolutionConfigurationPlatforms) = preSolution
		Debug|Any CPU = Debug|Any CPU
		Release|Any CPU = Release|Any CPU
	EndGlobalSection
	GlobalSection(ProjectConfigurationPlatforms) = postSolution
		{64B7F035-6A59-424C-A0E1-3F9C4C1DADC3}.Debug|Any CPU.ActiveCfg = Debug|Any CPU
		{64B7F035-6A59-424C-A0E1-3F9C4C1DADC3}.Debug|Any CPU.Build.0 = Debug|Any CPU
		{64B7F035-6A59-424C-A0E1-3F9C4C1DADC3}.Release|Any CPU.ActiveCfg = Release|Any CPU
		{64B7F035-6A59-424C-A0E1-3F9C4C1DADC3}.Release|Any CPU.Build.0 = Release|Any CPU
		{E37739B3-99FB-4987-A6EC-9975A73DBA6D}.Debug|Any CPU.ActiveCfg = Debug|Any CPU
		{E37739B3-99FB-4987-A6EC-9975A73DBA6D}.Debug|Any CPU.Build.0 = Debug|Any CPU
		{E37739B3-99FB-4987-A6EC-9975A73DBA6D}.Release|Any CPU.ActiveCfg = Release|Any CPU
		{E37739B3-99FB-4987-A6EC-9975A73DBA6D}.Release|Any CPU.Build.0 = Release|Any CPU
		{8D50A9E6-25E8-459F-9C65-6D91E3A41905}.Debug|Any CPU.ActiveCfg = Debug|Any CPU
		{8D50A9E6-25E8-459F-9C65-6D91E3A41905}.Debug|Any CPU.Build.0 = Debug|Any CPU
		{8D50A9E6-25E8-459F-9C65-6D91E3A41905}.Release|Any CPU.ActiveCfg = Release|Any CPU
		{8D50A9E6-25E8-459F-9C65-6D91E3A41905}.Release|Any CPU.Build.0 = Release|Any CPU
		{E1F087D6-1874-4824-A9B5-2109D0FFE8FD}.Debug|Any CPU.ActiveCfg = Debug|Any CPU
		{E1F087D6-1874-4824-A9B5-2109D0FFE8FD}.Debug|Any CPU.Build.0 = Debug|Any CPU
		{E1F087D6-1874-4824-A9B5-2109D0FFE8FD}.Release|Any CPU.ActiveCfg = Release|Any CPU
		{E1F087D6-1874-4824-A9B5-2109D0FFE8FD}.Release|Any CPU.Build.0 = Release|Any CPU
		{D200FDC6-00E2-4B7A-9B0D-F91DC334D604}.Debug|Any CPU.ActiveCfg = Debug|Any CPU
		{D200FDC6-00E2-4B7A-9B0D-F91DC334D604}.Debug|Any CPU.Build.0 = Debug|Any CPU
		{D200FDC6-00E2-4B7A-9B0D-F91DC334D604}.Release|Any CPU.ActiveCfg = Release|Any CPU
		{D200FDC6-00E2-4B7A-9B0D-F91DC334D604}.Release|Any CPU.Build.0 = Release|Any CPU
		{F8C2DD68-6101-453A-9C96-B638A4DBF1C1}.Debug|Any CPU.ActiveCfg = Debug|Any CPU
		{F8C2DD68-6101-453A-9C96-B638A4DBF1C1}.Debug|Any CPU.Build.0 = Debug|Any CPU
		{F8C2DD68-6101-453A-9C96-B638A4DBF1C1}.Release|Any CPU.ActiveCfg = Release|Any CPU
		{F8C2DD68-6101-453A-9C96-B638A4DBF1C1}.Release|Any CPU.Build.0 = Release|Any CPU
	EndGlobalSection
	GlobalSection(SolutionProperties) = preSolution
		HideSolutionNode = FALSE
	EndGlobalSection
	GlobalSection(NestedProjects) = preSolution
		{64B7F035-6A59-424C-A0E1-3F9C4C1DADC3} = {140065A1-344D-420E-9539-67056FD0CA2D}
		{E37739B3-99FB-4987-A6EC-9975A73DBA6D} = {FD59D416-505B-4FFC-B73D-96360D011692}
		{8D50A9E6-25E8-459F-9C65-6D91E3A41905} = {FD59D416-505B-4FFC-B73D-96360D011692}
		{140065A1-344D-420E-9539-67056FD0CA2D} = {FD59D416-505B-4FFC-B73D-96360D011692}
		{E1F087D6-1874-4824-A9B5-2109D0FFE8FD} = {140065A1-344D-420E-9539-67056FD0CA2D}
		{D200FDC6-00E2-4B7A-9B0D-F91DC334D604} = {140065A1-344D-420E-9539-67056FD0CA2D}
		{F8C2DD68-6101-453A-9C96-B638A4DBF1C1} = {140065A1-344D-420E-9539-67056FD0CA2D}
	EndGlobalSection
	GlobalSection(ExtensibilityGlobals) = postSolution
		SolutionGuid = {CB4FBA50-A802-4FD2-B81B-D0DD106B0063}
	EndGlobalSection
EndGlobal
